// !$*UTF8*$!
{
	archiveVersion = 1;
	classes = {
	};
	objectVersion = 56;
	objects = {

/* Begin PBXBuildFile section */
		03131A652C1662D6008562C5 /* AppDelegate.swift in Sources */ = {isa = PBXBuildFile; fileRef = 03131A642C1662D6008562C5 /* AppDelegate.swift */; };
		03131A672C1662D6008562C5 /* SceneDelegate.swift in Sources */ = {isa = PBXBuildFile; fileRef = 03131A662C1662D6008562C5 /* SceneDelegate.swift */; };
		03131A692C1662D6008562C5 /* ViewController.swift in Sources */ = {isa = PBXBuildFile; fileRef = 03131A682C1662D6008562C5 /* ViewController.swift */; };
		03131A6C2C1662D6008562C5 /* Main.storyboard in Resources */ = {isa = PBXBuildFile; fileRef = 03131A6A2C1662D6008562C5 /* Main.storyboard */; };
		03131A6E2C1662D7008562C5 /* Assets.xcassets in Resources */ = {isa = PBXBuildFile; fileRef = 03131A6D2C1662D7008562C5 /* Assets.xcassets */; };
		03131A712C1662D7008562C5 /* LaunchScreen.storyboard in Resources */ = {isa = PBXBuildFile; fileRef = 03131A6F2C1662D7008562C5 /* LaunchScreen.storyboard */; };
		03131A7C2C1662D7008562C5 /* GitListTests.swift in Sources */ = {isa = PBXBuildFile; fileRef = 03131A7B2C1662D7008562C5 /* GitListTests.swift */; };
		03131A862C1662D7008562C5 /* GitListUITests.swift in Sources */ = {isa = PBXBuildFile; fileRef = 03131A852C1662D7008562C5 /* GitListUITests.swift */; };
		03131A882C1662D7008562C5 /* GitListUITestsLaunchTests.swift in Sources */ = {isa = PBXBuildFile; fileRef = 03131A872C1662D7008562C5 /* GitListUITestsLaunchTests.swift */; };
/* End PBXBuildFile section */

/* Begin PBXContainerItemProxy section */
		03131A782C1662D7008562C5 /* PBXContainerItemProxy */ = {
			isa = PBXContainerItemProxy;
			containerPortal = 03131A592C1662D6008562C5 /* Project object */;
			proxyType = 1;
			remoteGlobalIDString = 03131A602C1662D6008562C5;
			remoteInfo = GitList;
		};
		03131A822C1662D7008562C5 /* PBXContainerItemProxy */ = {
			isa = PBXContainerItemProxy;
			containerPortal = 03131A592C1662D6008562C5 /* Project object */;
			proxyType = 1;
			remoteGlobalIDString = 03131A602C1662D6008562C5;
			remoteInfo = GitList;
		};
/* End PBXContainerItemProxy section */

/* Begin PBXFileReference section */
		03131A612C1662D6008562C5 /* GitList.app */ = {isa = PBXFileReference; explicitFileType = wrapper.application; includeInIndex = 0; path = GitList.app; sourceTree = BUILT_PRODUCTS_DIR; };
		03131A642C1662D6008562C5 /* AppDelegate.swift */ = {isa = PBXFileReference; lastKnownFileType = sourcecode.swift; path = AppDelegate.swift; sourceTree = "<group>"; };
		03131A662C1662D6008562C5 /* SceneDelegate.swift */ = {isa = PBXFileReference; lastKnownFileType = sourcecode.swift; path = SceneDelegate.swift; sourceTree = "<group>"; };
		03131A682C1662D6008562C5 /* ViewController.swift */ = {isa = PBXFileReference; lastKnownFileType = sourcecode.swift; path = ViewController.swift; sourceTree = "<group>"; };
		03131A6B2C1662D6008562C5 /* Base */ = {isa = PBXFileReference; lastKnownFileType = file.storyboard; name = Base; path = Base.lproj/Main.storyboard; sourceTree = "<group>"; };
		03131A6D2C1662D7008562C5 /* Assets.xcassets */ = {isa = PBXFileReference; lastKnownFileType = folder.assetcatalog; path = Assets.xcassets; sourceTree = "<group>"; };
		03131A702C1662D7008562C5 /* Base */ = {isa = PBXFileReference; lastKnownFileType = file.storyboard; name = Base; path = Base.lproj/LaunchScreen.storyboard; sourceTree = "<group>"; };
		03131A722C1662D7008562C5 /* Info.plist */ = {isa = PBXFileReference; lastKnownFileType = text.plist.xml; path = Info.plist; sourceTree = "<group>"; };
		03131A772C1662D7008562C5 /* GitListTests.xctest */ = {isa = PBXFileReference; explicitFileType = wrapper.cfbundle; includeInIndex = 0; path = GitListTests.xctest; sourceTree = BUILT_PRODUCTS_DIR; };
		03131A7B2C1662D7008562C5 /* GitListTests.swift */ = {isa = PBXFileReference; lastKnownFileType = sourcecode.swift; path = GitListTests.swift; sourceTree = "<group>"; };
		03131A812C1662D7008562C5 /* GitListUITests.xctest */ = {isa = PBXFileReference; explicitFileType = wrapper.cfbundle; includeInIndex = 0; path = GitListUITests.xctest; sourceTree = BUILT_PRODUCTS_DIR; };
		03131A852C1662D7008562C5 /* GitListUITests.swift */ = {isa = PBXFileReference; lastKnownFileType = sourcecode.swift; path = GitListUITests.swift; sourceTree = "<group>"; };
		03131A872C1662D7008562C5 /* GitListUITestsLaunchTests.swift */ = {isa = PBXFileReference; lastKnownFileType = sourcecode.swift; path = GitListUITestsLaunchTests.swift; sourceTree = "<group>"; };
/* End PBXFileReference section */

/* Begin PBXFrameworksBuildPhase section */
		03131A5E2C1662D6008562C5 /* Frameworks */ = {
			isa = PBXFrameworksBuildPhase;
			buildActionMask = 2147483647;
			files = (
			);
			runOnlyForDeploymentPostprocessing = 0;
		};
		03131A742C1662D7008562C5 /* Frameworks */ = {
			isa = PBXFrameworksBuildPhase;
			buildActionMask = 2147483647;
			files = (
			);
			runOnlyForDeploymentPostprocessing = 0;
		};
		03131A7E2C1662D7008562C5 /* Frameworks */ = {
			isa = PBXFrameworksBuildPhase;
			buildActionMask = 2147483647;
			files = (
			);
			runOnlyForDeploymentPostprocessing = 0;
		};
/* End PBXFrameworksBuildPhase section */

/* Begin PBXGroup section */
		03131A582C1662D6008562C5 = {
			isa = PBXGroup;
			children = (
				03131A632C1662D6008562C5 /* GitList */,
				03131A7A2C1662D7008562C5 /* GitListTests */,
				03131A842C1662D7008562C5 /* GitListUITests */,
				03131A622C1662D6008562C5 /* Products */,
			);
			sourceTree = "<group>";
		};
		03131A622C1662D6008562C5 /* Products */ = {
			isa = PBXGroup;
			children = (
				03131A612C1662D6008562C5 /* GitList.app */,
				03131A772C1662D7008562C5 /* GitListTests.xctest */,
				03131A812C1662D7008562C5 /* GitListUITests.xctest */,
			);
			name = Products;
			sourceTree = "<group>";
		};
		03131A632C1662D6008562C5 /* GitList */ = {
			isa = PBXGroup;
			children = (
				03131A642C1662D6008562C5 /* AppDelegate.swift */,
				03131A662C1662D6008562C5 /* SceneDelegate.swift */,
				03131A682C1662D6008562C5 /* ViewController.swift */,
				03131A6A2C1662D6008562C5 /* Main.storyboard */,
				03131A6D2C1662D7008562C5 /* Assets.xcassets */,
				03131A6F2C1662D7008562C5 /* LaunchScreen.storyboard */,
				03131A722C1662D7008562C5 /* Info.plist */,
			);
			path = GitList;
			sourceTree = "<group>";
		};
		03131A7A2C1662D7008562C5 /* GitListTests */ = {
			isa = PBXGroup;
			children = (
				03131A7B2C1662D7008562C5 /* GitListTests.swift */,
			);
			path = GitListTests;
			sourceTree = "<group>";
		};
		03131A842C1662D7008562C5 /* GitListUITests */ = {
			isa = PBXGroup;
			children = (
				03131A852C1662D7008562C5 /* GitListUITests.swift */,
				03131A872C1662D7008562C5 /* GitListUITestsLaunchTests.swift */,
			);
			path = GitListUITests;
			sourceTree = "<group>";
		};
/* End PBXGroup section */

/* Begin PBXNativeTarget section */
		03131A602C1662D6008562C5 /* GitList */ = {
			isa = PBXNativeTarget;
			buildConfigurationList = 03131A8B2C1662D7008562C5 /* Build configuration list for PBXNativeTarget "GitList" */;
			buildPhases = (
				03131A5D2C1662D6008562C5 /* Sources */,
				03131A5E2C1662D6008562C5 /* Frameworks */,
				03131A5F2C1662D6008562C5 /* Resources */,
			);
			buildRules = (
			);
			dependencies = (
			);
			name = GitList;
			productName = GitList;
			productReference = 03131A612C1662D6008562C5 /* GitList.app */;
			productType = "com.apple.product-type.application";
		};
		03131A762C1662D7008562C5 /* GitListTests */ = {
			isa = PBXNativeTarget;
			buildConfigurationList = 03131A8E2C1662D7008562C5 /* Build configuration list for PBXNativeTarget "GitListTests" */;
			buildPhases = (
				03131A732C1662D7008562C5 /* Sources */,
				03131A742C1662D7008562C5 /* Frameworks */,
				03131A752C1662D7008562C5 /* Resources */,
			);
			buildRules = (
			);
			dependencies = (
				03131A792C1662D7008562C5 /* PBXTargetDependency */,
			);
			name = GitListTests;
			productName = GitListTests;
			productReference = 03131A772C1662D7008562C5 /* GitListTests.xctest */;
			productType = "com.apple.product-type.bundle.unit-test";
		};
		03131A802C1662D7008562C5 /* GitListUITests */ = {
			isa = PBXNativeTarget;
			buildConfigurationList = 03131A912C1662D7008562C5 /* Build configuration list for PBXNativeTarget "GitListUITests" */;
			buildPhases = (
				03131A7D2C1662D7008562C5 /* Sources */,
				03131A7E2C1662D7008562C5 /* Frameworks */,
				03131A7F2C1662D7008562C5 /* Resources */,
			);
			buildRules = (
			);
			dependencies = (
				03131A832C1662D7008562C5 /* PBXTargetDependency */,
			);
			name = GitListUITests;
			productName = GitListUITests;
			productReference = 03131A812C1662D7008562C5 /* GitListUITests.xctest */;
			productType = "com.apple.product-type.bundle.ui-testing";
		};
/* End PBXNativeTarget section */

/* Begin PBXProject section */
		03131A592C1662D6008562C5 /* Project object */ = {
			isa = PBXProject;
			attributes = {
				BuildIndependentTargetsInParallel = 1;
				LastSwiftUpdateCheck = 1430;
				LastUpgradeCheck = 1430;
				TargetAttributes = {
					03131A602C1662D6008562C5 = {
						CreatedOnToolsVersion = 14.3;
					};
					03131A762C1662D7008562C5 = {
						CreatedOnToolsVersion = 14.3;
						TestTargetID = 03131A602C1662D6008562C5;
					};
					03131A802C1662D7008562C5 = {
						CreatedOnToolsVersion = 14.3;
						TestTargetID = 03131A602C1662D6008562C5;
					};
				};
			};
			buildConfigurationList = 03131A5C2C1662D6008562C5 /* Build configuration list for PBXProject "GitList" */;
			compatibilityVersion = "Xcode 14.0";
			developmentRegion = en;
			hasScannedForEncodings = 0;
			knownRegions = (
				en,
				Base,
			);
			mainGroup = 03131A582C1662D6008562C5;
			productRefGroup = 03131A622C1662D6008562C5 /* Products */;
			projectDirPath = "";
			projectRoot = "";
			targets = (
				03131A602C1662D6008562C5 /* GitList */,
				03131A762C1662D7008562C5 /* GitListTests */,
				03131A802C1662D7008562C5 /* GitListUITests */,
			);
		};
/* End PBXProject section */

/* Begin PBXResourcesBuildPhase section */
		03131A5F2C1662D6008562C5 /* Resources */ = {
			isa = PBXResourcesBuildPhase;
			buildActionMask = 2147483647;
			files = (
				03131A712C1662D7008562C5 /* LaunchScreen.storyboard in Resources */,
				03131A6E2C1662D7008562C5 /* Assets.xcassets in Resources */,
				03131A6C2C1662D6008562C5 /* Main.storyboard in Resources */,
			);
			runOnlyForDeploymentPostprocessing = 0;
		};
		03131A752C1662D7008562C5 /* Resources */ = {
			isa = PBXResourcesBuildPhase;
			buildActionMask = 2147483647;
			files = (
			);
			runOnlyForDeploymentPostprocessing = 0;
		};
		03131A7F2C1662D7008562C5 /* Resources */ = {
			isa = PBXResourcesBuildPhase;
			buildActionMask = 2147483647;
			files = (
			);
			runOnlyForDeploymentPostprocessing = 0;
		};
/* End PBXResourcesBuildPhase section */

/* Begin PBXSourcesBuildPhase section */
		03131A5D2C1662D6008562C5 /* Sources */ = {
			isa = PBXSourcesBuildPhase;
			buildActionMask = 2147483647;
			files = (
				03131A692C1662D6008562C5 /* ViewController.swift in Sources */,
				03131A652C1662D6008562C5 /* AppDelegate.swift in Sources */,
				03131A672C1662D6008562C5 /* SceneDelegate.swift in Sources */,
			);
			runOnlyForDeploymentPostprocessing = 0;
		};
		03131A732C1662D7008562C5 /* Sources */ = {
			isa = PBXSourcesBuildPhase;
			buildActionMask = 2147483647;
			files = (
				03131A7C2C1662D7008562C5 /* GitListTests.swift in Sources */,
			);
			runOnlyForDeploymentPostprocessing = 0;
		};
		03131A7D2C1662D7008562C5 /* Sources */ = {
			isa = PBXSourcesBuildPhase;
			buildActionMask = 2147483647;
			files = (
				03131A862C1662D7008562C5 /* GitListUITests.swift in Sources */,
				03131A882C1662D7008562C5 /* GitListUITestsLaunchTests.swift in Sources */,
			);
			runOnlyForDeploymentPostprocessing = 0;
		};
/* End PBXSourcesBuildPhase section */

/* Begin PBXTargetDependency section */
		03131A792C1662D7008562C5 /* PBXTargetDependency */ = {
			isa = PBXTargetDependency;
			target = 03131A602C1662D6008562C5 /* GitList */;
			targetProxy = 03131A782C1662D7008562C5 /* PBXContainerItemProxy */;
		};
		03131A832C1662D7008562C5 /* PBXTargetDependency */ = {
			isa = PBXTargetDependency;
			target = 03131A602C1662D6008562C5 /* GitList */;
			targetProxy = 03131A822C1662D7008562C5 /* PBXContainerItemProxy */;
		};
/* End PBXTargetDependency section */

/* Begin PBXVariantGroup section */
		03131A6A2C1662D6008562C5 /* Main.storyboard */ = {
			isa = PBXVariantGroup;
			children = (
				03131A6B2C1662D6008562C5 /* Base */,
			);
			name = Main.storyboard;
			sourceTree = "<group>";
		};
		03131A6F2C1662D7008562C5 /* LaunchScreen.storyboard */ = {
			isa = PBXVariantGroup;
			children = (
				03131A702C1662D7008562C5 /* Base */,
			);
			name = LaunchScreen.storyboard;
			sourceTree = "<group>";
		};
/* End PBXVariantGroup section */

/* Begin XCBuildConfiguration section */
		03131A892C1662D7008562C5 /* Debug */ = {
			isa = XCBuildConfiguration;
			buildSettings = {
				ALWAYS_SEARCH_USER_PATHS = NO;
				CLANG_ANALYZER_NONNULL = YES;
				CLANG_ANALYZER_NUMBER_OBJECT_CONVERSION = YES_AGGRESSIVE;
				CLANG_CXX_LANGUAGE_STANDARD = "gnu++20";
				CLANG_ENABLE_MODULES = YES;
				CLANG_ENABLE_OBJC_ARC = YES;
				CLANG_ENABLE_OBJC_WEAK = YES;
				CLANG_WARN_BLOCK_CAPTURE_AUTORELEASING = YES;
				CLANG_WARN_BOOL_CONVERSION = YES;
				CLANG_WARN_COMMA = YES;
				CLANG_WARN_CONSTANT_CONVERSION = YES;
				CLANG_WARN_DEPRECATED_OBJC_IMPLEMENTATIONS = YES;
				CLANG_WARN_DIRECT_OBJC_ISA_USAGE = YES_ERROR;
				CLANG_WARN_DOCUMENTATION_COMMENTS = YES;
				CLANG_WARN_EMPTY_BODY = YES;
				CLANG_WARN_ENUM_CONVERSION = YES;
				CLANG_WARN_INFINITE_RECURSION = YES;
				CLANG_WARN_INT_CONVERSION = YES;
				CLANG_WARN_NON_LITERAL_NULL_CONVERSION = YES;
				CLANG_WARN_OBJC_IMPLICIT_RETAIN_SELF = YES;
				CLANG_WARN_OBJC_LITERAL_CONVERSION = YES;
				CLANG_WARN_OBJC_ROOT_CLASS = YES_ERROR;
				CLANG_WARN_QUOTED_INCLUDE_IN_FRAMEWORK_HEADER = YES;
				CLANG_WARN_RANGE_LOOP_ANALYSIS = YES;
				CLANG_WARN_STRICT_PROTOTYPES = YES;
				CLANG_WARN_SUSPICIOUS_MOVE = YES;
				CLANG_WARN_UNGUARDED_AVAILABILITY = YES_AGGRESSIVE;
				CLANG_WARN_UNREACHABLE_CODE = YES;
				CLANG_WARN__DUPLICATE_METHOD_MATCH = YES;
				COPY_PHASE_STRIP = NO;
				DEBUG_INFORMATION_FORMAT = dwarf;
				ENABLE_STRICT_OBJC_MSGSEND = YES;
				ENABLE_TESTABILITY = YES;
				GCC_C_LANGUAGE_STANDARD = gnu11;
				GCC_DYNAMIC_NO_PIC = NO;
				GCC_NO_COMMON_BLOCKS = YES;
				GCC_OPTIMIZATION_LEVEL = 0;
				GCC_PREPROCESSOR_DEFINITIONS = (
					"DEBUG=1",
					"$(inherited)",
				);
				GCC_WARN_64_TO_32_BIT_CONVERSION = YES;
				GCC_WARN_ABOUT_RETURN_TYPE = YES_ERROR;
				GCC_WARN_UNDECLARED_SELECTOR = YES;
				GCC_WARN_UNINITIALIZED_AUTOS = YES_AGGRESSIVE;
				GCC_WARN_UNUSED_FUNCTION = YES;
				GCC_WARN_UNUSED_VARIABLE = YES;
				IPHONEOS_DEPLOYMENT_TARGET = 16.4;
				MTL_ENABLE_DEBUG_INFO = INCLUDE_SOURCE;
				MTL_FAST_MATH = YES;
				ONLY_ACTIVE_ARCH = YES;
				SDKROOT = iphoneos;
				SWIFT_ACTIVE_COMPILATION_CONDITIONS = DEBUG;
				SWIFT_OPTIMIZATION_LEVEL = "-Onone";
			};
			name = Debug;
		};
		03131A8A2C1662D7008562C5 /* Release */ = {
			isa = XCBuildConfiguration;
			buildSettings = {
				ALWAYS_SEARCH_USER_PATHS = NO;
				CLANG_ANALYZER_NONNULL = YES;
				CLANG_ANALYZER_NUMBER_OBJECT_CONVERSION = YES_AGGRESSIVE;
				CLANG_CXX_LANGUAGE_STANDARD = "gnu++20";
				CLANG_ENABLE_MODULES = YES;
				CLANG_ENABLE_OBJC_ARC = YES;
				CLANG_ENABLE_OBJC_WEAK = YES;
				CLANG_WARN_BLOCK_CAPTURE_AUTORELEASING = YES;
				CLANG_WARN_BOOL_CONVERSION = YES;
				CLANG_WARN_COMMA = YES;
				CLANG_WARN_CONSTANT_CONVERSION = YES;
				CLANG_WARN_DEPRECATED_OBJC_IMPLEMENTATIONS = YES;
				CLANG_WARN_DIRECT_OBJC_ISA_USAGE = YES_ERROR;
				CLANG_WARN_DOCUMENTATION_COMMENTS = YES;
				CLANG_WARN_EMPTY_BODY = YES;
				CLANG_WARN_ENUM_CONVERSION = YES;
				CLANG_WARN_INFINITE_RECURSION = YES;
				CLANG_WARN_INT_CONVERSION = YES;
				CLANG_WARN_NON_LITERAL_NULL_CONVERSION = YES;
				CLANG_WARN_OBJC_IMPLICIT_RETAIN_SELF = YES;
				CLANG_WARN_OBJC_LITERAL_CONVERSION = YES;
				CLANG_WARN_OBJC_ROOT_CLASS = YES_ERROR;
				CLANG_WARN_QUOTED_INCLUDE_IN_FRAMEWORK_HEADER = YES;
				CLANG_WARN_RANGE_LOOP_ANALYSIS = YES;
				CLANG_WARN_STRICT_PROTOTYPES = YES;
				CLANG_WARN_SUSPICIOUS_MOVE = YES;
				CLANG_WARN_UNGUARDED_AVAILABILITY = YES_AGGRESSIVE;
				CLANG_WARN_UNREACHABLE_CODE = YES;
				CLANG_WARN__DUPLICATE_METHOD_MATCH = YES;
				COPY_PHASE_STRIP = NO;
				DEBUG_INFORMATION_FORMAT = "dwarf-with-dsym";
				ENABLE_NS_ASSERTIONS = NO;
				ENABLE_STRICT_OBJC_MSGSEND = YES;
				GCC_C_LANGUAGE_STANDARD = gnu11;
				GCC_NO_COMMON_BLOCKS = YES;
				GCC_WARN_64_TO_32_BIT_CONVERSION = YES;
				GCC_WARN_ABOUT_RETURN_TYPE = YES_ERROR;
				GCC_WARN_UNDECLARED_SELECTOR = YES;
				GCC_WARN_UNINITIALIZED_AUTOS = YES_AGGRESSIVE;
				GCC_WARN_UNUSED_FUNCTION = YES;
				GCC_WARN_UNUSED_VARIABLE = YES;
				IPHONEOS_DEPLOYMENT_TARGET = 16.4;
				MTL_ENABLE_DEBUG_INFO = NO;
				MTL_FAST_MATH = YES;
				SDKROOT = iphoneos;
				SWIFT_COMPILATION_MODE = wholemodule;
				SWIFT_OPTIMIZATION_LEVEL = "-O";
				VALIDATE_PRODUCT = YES;
			};
			name = Release;
		};
		03131A8C2C1662D7008562C5 /* Debug */ = {
			isa = XCBuildConfiguration;
			buildSettings = {
				ASSETCATALOG_COMPILER_APPICON_NAME = AppIcon;
				ASSETCATALOG_COMPILER_GLOBAL_ACCENT_COLOR_NAME = AccentColor;
				CODE_SIGN_STYLE = Automatic;
				CURRENT_PROJECT_VERSION = 1;
				GENERATE_INFOPLIST_FILE = YES;
				INFOPLIST_FILE = GitList/Info.plist;
				INFOPLIST_KEY_UIApplicationSupportsIndirectInputEvents = YES;
				INFOPLIST_KEY_UILaunchStoryboardName = LaunchScreen;
				INFOPLIST_KEY_UIMainStoryboardFile = Main;
				INFOPLIST_KEY_UISupportedInterfaceOrientations_iPad = "UIInterfaceOrientationPortrait UIInterfaceOrientationPortraitUpsideDown UIInterfaceOrientationLandscapeLeft UIInterfaceOrientationLandscapeRight";
				INFOPLIST_KEY_UISupportedInterfaceOrientations_iPhone = "UIInterfaceOrientationPortrait UIInterfaceOrientationLandscapeLeft UIInterfaceOrientationLandscapeRight";
				LD_RUNPATH_SEARCH_PATHS = (
					"$(inherited)",
					"@executable_path/Frameworks",
				);
				MARKETING_VERSION = 1.0;
				PRODUCT_BUNDLE_IDENTIFIER = com.elen.souza.GitList;
				PRODUCT_NAME = "$(TARGET_NAME)";
				SWIFT_EMIT_LOC_STRINGS = YES;
				SWIFT_VERSION = 5.0;
				TARGETED_DEVICE_FAMILY = "1,2";
			};
			name = Debug;
		};
		03131A8D2C1662D7008562C5 /* Release */ = {
			isa = XCBuildConfiguration;
			buildSettings = {
				ASSETCATALOG_COMPILER_APPICON_NAME = AppIcon;
				ASSETCATALOG_COMPILER_GLOBAL_ACCENT_COLOR_NAME = AccentColor;
				CODE_SIGN_STYLE = Automatic;
				CURRENT_PROJECT_VERSION = 1;
				GENERATE_INFOPLIST_FILE = YES;
				INFOPLIST_FILE = GitList/Info.plist;
				INFOPLIST_KEY_UIApplicationSupportsIndirectInputEvents = YES;
				INFOPLIST_KEY_UILaunchStoryboardName = LaunchScreen;
				INFOPLIST_KEY_UIMainStoryboardFile = Main;
				INFOPLIST_KEY_UISupportedInterfaceOrientations_iPad = "UIInterfaceOrientationPortrait UIInterfaceOrientationPortraitUpsideDown UIInterfaceOrientationLandscapeLeft UIInterfaceOrientationLandscapeRight";
				INFOPLIST_KEY_UISupportedInterfaceOrientations_iPhone = "UIInterfaceOrientationPortrait UIInterfaceOrientationLandscapeLeft UIInterfaceOrientationLandscapeRight";
				LD_RUNPATH_SEARCH_PATHS = (
					"$(inherited)",
					"@executable_path/Frameworks",
				);
				MARKETING_VERSION = 1.0;
				PRODUCT_BUNDLE_IDENTIFIER = com.elen.souza.GitList;
				PRODUCT_NAME = "$(TARGET_NAME)";
				SWIFT_EMIT_LOC_STRINGS = YES;
				SWIFT_VERSION = 5.0;
				TARGETED_DEVICE_FAMILY = "1,2";
			};
			name = Release;
		};
		03131A8F2C1662D7008562C5 /* Debug */ = {
			isa = XCBuildConfiguration;
			buildSettings = {
				ALWAYS_EMBED_SWIFT_STANDARD_LIBRARIES = YES;
				BUNDLE_LOADER = "$(TEST_HOST)";
				CODE_SIGN_STYLE = Automatic;
				CURRENT_PROJECT_VERSION = 1;
				GENERATE_INFOPLIST_FILE = YES;
				IPHONEOS_DEPLOYMENT_TARGET = 16.4;
				MARKETING_VERSION = 1.0;
				PRODUCT_BUNDLE_IDENTIFIER = com.elen.souza.GitListTests;
				PRODUCT_NAME = "$(TARGET_NAME)";
				SWIFT_EMIT_LOC_STRINGS = NO;
				SWIFT_VERSION = 5.0;
				TARGETED_DEVICE_FAMILY = "1,2";
				TEST_HOST = "$(BUILT_PRODUCTS_DIR)/GitList.app/$(BUNDLE_EXECUTABLE_FOLDER_PATH)/GitList";
			};
			name = Debug;
		};
		03131A902C1662D7008562C5 /* Release */ = {
			isa = XCBuildConfiguration;
			buildSettings = {
				ALWAYS_EMBED_SWIFT_STANDARD_LIBRARIES = YES;
				BUNDLE_LOADER = "$(TEST_HOST)";
				CODE_SIGN_STYLE = Automatic;
				CURRENT_PROJECT_VERSION = 1;
				GENERATE_INFOPLIST_FILE = YES;
				IPHONEOS_DEPLOYMENT_TARGET = 16.4;
				MARKETING_VERSION = 1.0;
				PRODUCT_BUNDLE_IDENTIFIER = com.elen.souza.GitListTests;
				PRODUCT_NAME = "$(TARGET_NAME)";
				SWIFT_EMIT_LOC_STRINGS = NO;
				SWIFT_VERSION = 5.0;
				TARGETED_DEVICE_FAMILY = "1,2";
				TEST_HOST = "$(BUILT_PRODUCTS_DIR)/GitList.app/$(BUNDLE_EXECUTABLE_FOLDER_PATH)/GitList";
			};
			name = Release;
		};
		03131A922C1662D7008562C5 /* Debug */ = {
			isa = XCBuildConfiguration;
			buildSettings = {
				ALWAYS_EMBED_SWIFT_STANDARD_LIBRARIES = YES;
				CODE_SIGN_STYLE = Automatic;
				CURRENT_PROJECT_VERSION = 1;
				GENERATE_INFOPLIST_FILE = YES;
				MARKETING_VERSION = 1.0;
				PRODUCT_BUNDLE_IDENTIFIER = com.elen.souza.GitListUITests;
				PRODUCT_NAME = "$(TARGET_NAME)";
				SWIFT_EMIT_LOC_STRINGS = NO;
				SWIFT_VERSION = 5.0;
				TARGETED_DEVICE_FAMILY = "1,2";
				TEST_TARGET_NAME = GitList;
			};
			name = Debug;
		};
		03131A932C1662D7008562C5 /* Release */ = {
			isa = XCBuildConfiguration;
			buildSettings = {
				ALWAYS_EMBED_SWIFT_STANDARD_LIBRARIES = YES;
				CODE_SIGN_STYLE = Automatic;
				CURRENT_PROJECT_VERSION = 1;
				GENERATE_INFOPLIST_FILE = YES;
				MARKETING_VERSION = 1.0;
				PRODUCT_BUNDLE_IDENTIFIER = com.elen.souza.GitListUITests;
				PRODUCT_NAME = "$(TARGET_NAME)";
				SWIFT_EMIT_LOC_STRINGS = NO;
				SWIFT_VERSION = 5.0;
				TARGETED_DEVICE_FAMILY = "1,2";
				TEST_TARGET_NAME = GitList;
			};
			name = Release;
		};
/* End XCBuildConfiguration section */

/* Begin XCConfigurationList section */
		03131A5C2C1662D6008562C5 /* Build configuration list for PBXProject "GitList" */ = {
			isa = XCConfigurationList;
			buildConfigurations = (
				03131A892C1662D7008562C5 /* Debug */,
				03131A8A2C1662D7008562C5 /* Release */,
			);
			defaultConfigurationIsVisible = 0;
			defaultConfigurationName = Release;
		};
		03131A8B2C1662D7008562C5 /* Build configuration list for PBXNativeTarget "GitList" */ = {
			isa = XCConfigurationList;
			buildConfigurations = (
				03131A8C2C1662D7008562C5 /* Debug */,
				03131A8D2C1662D7008562C5 /* Release */,
			);
			defaultConfigurationIsVisible = 0;
			defaultConfigurationName = Release;
		};
		03131A8E2C1662D7008562C5 /* Build configuration list for PBXNativeTarget "GitListTests" */ = {
			isa = XCConfigurationList;
			buildConfigurations = (
				03131A8F2C1662D7008562C5 /* Debug */,
				03131A902C1662D7008562C5 /* Release */,
			);
			defaultConfigurationIsVisible = 0;
			defaultConfigurationName = Release;
		};
		03131A912C1662D7008562C5 /* Build configuration list for PBXNativeTarget "GitListUITests" */ = {
			isa = XCConfigurationList;
			buildConfigurations = (
				03131A922C1662D7008562C5 /* Debug */,
				03131A932C1662D7008562C5 /* Release */,
			);
			defaultConfigurationIsVisible = 0;
			defaultConfigurationName = Release;
		};
/* End XCConfigurationList section */
	};
	rootObject = 03131A592C1662D6008562C5 /* Project object */;
}
